<?xml version="1.0" encoding="UTF-8" standalone="yes" ?>
<CodeBlocks_project_file>
	<FileVersion major="1" minor="6" />
	<Project>
		<Option title="PartyGame" />
		<Option pch_mode="2" />
		<Option compiler="gcc" />
		<Build>
			<Target title="Server (Debug)">
				<Option output="../PartyServer_Debug" prefix_auto="1" extension_auto="1" />
				<Option working_dir=".." />
				<Option object_output="../obj/Debug/" />
				<Option type="1" />
				<Option compiler="gcc" />
				<Compiler>
					<Add option="-g" />
				</Compiler>
				<Linker>
					<Add option="-lsfml-network-s-d" />
					<Add option="-lsfml-system-s-d" />
					<Add option="-lws2_32" />
					<Add option="-lwinmm" />
				</Linker>
			</Target>
			<Target title="Server (Release)">
				<Option output="../PartyServer" prefix_auto="1" extension_auto="1" />
				<Option working_dir=".." />
				<Option object_output="../obj/Release/" />
				<Option type="1" />
				<Option compiler="gcc" />
				<Compiler>
					<Add option="-O2" />
				</Compiler>
				<Linker>
					<Add option="-s" />
					<Add option="-lsfml-network-s" />
					<Add option="-lsfml-system-s" />
					<Add option="-lws2_32" />
					<Add option="-lwinmm" />
				</Linker>
			</Target>
			<Target title="Client (Debug)">
				<Option output="../PartyClient_Debug" prefix_auto="1" extension_auto="1" />
				<Option working_dir=".." />
				<Option object_output="../obj/Debug/" />
				<Option type="1" />
				<Option compiler="gcc" />
				<Compiler>
					<Add option="-g" />
				</Compiler>
				<Linker>
					<Add option="-lsfml-network-s-d" />
					<Add option="-lsfml-graphics-s-d" />
					<Add option="-lsfml-window-s-d" />
					<Add option="-lsfml-audio-s-d" />
					<Add option="-lsfml-system-s-d" />
					<Add option="-lopengl32" />
					<Add option="-lfreetype" />
					<Add option="-ljpeg" />
					<Add option="-lopenal32" />
					<Add option="-lflac" />
					<Add option="-lvorbisenc" />
					<Add option="-lvorbisfile" />
					<Add option="-lvorbis" />
					<Add option="-logg" />
					<Add option="-lgdi32" />
					<Add option="-lws2_32" />
					<Add option="-lwinmm" />
				</Linker>
			</Target>
			<Target title="Client (Release)">
				<Option output="../PartyClient" prefix_auto="1" extension_auto="1" />
				<Option working_dir=".." />
				<Option object_output="../obj/Release/" />
				<Option type="1" />
				<Option compiler="gcc" />
				<Compiler>
					<Add option="-O2" />
				</Compiler>
				<Linker>
					<Add option="-s" />
					<Add option="-lsfml-network-s" />
					<Add option="-lsfml-graphics-s" />
					<Add option="-lsfml-window-s" />
					<Add option="-lsfml-audio-s" />
					<Add option="-lsfml-system-s" />
					<Add option="-lopengl32" />
					<Add option="-lfreetype" />
					<Add option="-ljpeg" />
					<Add option="-lopenal32" />
					<Add option="-lflac" />
					<Add option="-lvorbisenc" />
					<Add option="-lvorbisfile" />
					<Add option="-lvorbis" />
					<Add option="-logg" />
					<Add option="-lgdi32" />
					<Add option="-lws2_32" />
					<Add option="-lwinmm" />
				</Linker>
			</Target>
		</Build>
		<Compiler>
			<Add option="-Wall" />
			<Add option='-include &quot;Info.hpp&quot;' />
			<Add option="-DSFML_STATIC" />
		</Compiler>
		<Unit filename="Info.hpp" />
		<Unit filename="Util.cpp" />
		<Unit filename="Util.hpp" />
		<Unit filename="client/Client.cpp">
			<Option target="Client (Debug)" />
			<Option target="Client (Release)" />
		</Unit>
		<Unit filename="client/Client.hpp">
			<Option target="Client (Debug)" />
			<Option target="Client (Release)" />
		</Unit>
		<Unit filename="client/lobby/NetStage.cpp">
			<Option target="Client (Debug)" />
			<Option target="Client (Release)" />
		</Unit>
		<Unit filename="client/lobby/NetStage.hpp">
			<Option target="Client (Debug)" />
			<Option target="Client (Release)" />
		</Unit>
		<Unit filename="client/main.cpp">
			<Option target="Client (Debug)" />
			<Option target="Client (Release)" />
		</Unit>
		<Unit filename="client/prelogin/NetStage.cpp">
			<Option target="Client (Debug)" />
			<Option target="Client (Release)" />
		</Unit>
		<Unit filename="client/prelogin/NetStage.hpp">
			<Option target="Client (Debug)" />
			<Option target="Client (Release)" />
		</Unit>
		<Unit filename="game/MatchData.cpp" />
		<Unit filename="game/MatchData.hpp" />
		<Unit filename="net/Buffer.cpp" />
		<Unit filename="net/Buffer.hpp" />
		<Unit filename="net/Connection.cpp" />
		<Unit filename="net/Connection.hpp" />
		<Unit filename="net/NetStage.cpp" />
		<Unit filename="net/NetStage.hpp" />
		<Unit filename="net/Packet.cpp" />
		<Unit filename="net/Packet.hpp" />
		<Unit filename="net/PacketId.hpp" />
		<Unit filename="net/lobby/CreateMatchPacket.cpp" />
		<Unit filename="net/lobby/CreateMatchPacket.hpp" />
		<Unit filename="net/lobby/JoinMatchPacket.cpp" />
		<Unit filename="net/lobby/JoinMatchPacket.hpp" />
		<Unit filename="net/lobby/MatchListPacket.cpp" />
		<Unit filename="net/lobby/MatchListPacket.hpp" />
		<Unit filename="net/lobby/MatchStatusCode.hpp" />
		<Unit filename="net/lobby/MatchStatusPacket.cpp" />
		<Unit filename="net/lobby/MatchStatusPacket.hpp" />
		<Unit filename="net/lobby/NetStage.cpp" />
		<Unit filename="net/lobby/NetStage.hpp" />
		<Unit filename="net/lobby/Packets.hpp" />
		<Unit filename="net/lobby/RequestMatchListPacket.cpp" />
		<Unit filename="net/lobby/RequestMatchListPacket.hpp" />
		<Unit filename="net/prelogin/LoginPacket.cpp" />
		<Unit filename="net/prelogin/LoginPacket.hpp" />
		<Unit filename="net/prelogin/LoginStatusCode.hpp" />
		<Unit filename="net/prelogin/LoginStatusPacket.cpp" />
		<Unit filename="net/prelogin/LoginStatusPacket.hpp" />
		<Unit filename="net/prelogin/NetStage.cpp" />
		<Unit filename="net/prelogin/NetStage.hpp" />
		<Unit filename="net/prelogin/Packets.hpp" />
		<Unit filename="net/prelogin/ProtocolVersionPacket.cpp" />
		<Unit filename="net/prelogin/ProtocolVersionPacket.hpp" />
		<Unit filename="net/prelogin/RegisterPacket.cpp" />
		<Unit filename="net/prelogin/RegisterPacket.hpp" />
		<Unit filename="server/Client.cpp">
			<Option target="Server (Debug)" />
			<Option target="Server (Release)" />
		</Unit>
		<Unit filename="server/Client.hpp">
			<Option target="Server (Debug)" />
			<Option target="Server (Release)" />
		</Unit>
		<Unit filename="server/ClientTransition.cpp">
			<Option target="Server (Debug)" />
			<Option target="Server (Release)" />
		</Unit>
		<Unit filename="server/ClientTransition.hpp">
			<Option target="Server (Debug)" />
			<Option target="Server (Release)" />
		</Unit>
		<Unit filename="server/DummyUserDatabase.cpp">
			<Option target="Server (Debug)" />
			<Option target="Server (Release)" />
		</Unit>
		<Unit filename="server/DummyUserDatabase.hpp">
			<Option target="Server (Debug)" />
			<Option target="Server (Release)" />
		</Unit>
		<Unit filename="server/ITransitioner.cpp">
			<Option target="Server (Debug)" />
			<Option target="Server (Release)" />
		</Unit>
		<Unit filename="server/ITransitioner.hpp">
			<Option target="Server (Debug)" />
			<Option target="Server (Release)" />
		</Unit>
		<Unit filename="server/IUserDatabase.cpp">
			<Option target="Server (Debug)" />
			<Option target="Server (Release)" />
		</Unit>
		<Unit filename="server/IUserDatabase.hpp">
			<Option target="Server (Debug)" />
			<Option target="Server (Release)" />
		</Unit>
		<Unit filename="server/Lobby.cpp">
			<Option target="Server (Debug)" />
			<Option target="Server (Release)" />
		</Unit>
		<Unit filename="server/Lobby.hpp">
			<Option target="Server (Debug)" />
			<Option target="Server (Release)" />
		</Unit>
		<Unit filename="server/Match.cpp">
			<Option target="Server (Debug)" />
			<Option target="Server (Release)" />
		</Unit>
		<Unit filename="server/Match.hpp">
			<Option target="Server (Debug)" />
			<Option target="Server (Release)" />
		</Unit>
		<Unit filename="server/Server.cpp">
			<Option target="Server (Debug)" />
			<Option target="Server (Release)" />
		</Unit>
		<Unit filename="server/Server.hpp">
			<Option target="Server (Debug)" />
			<Option target="Server (Release)" />
		</Unit>
		<Unit filename="server/lobby/NetStage.cpp">
			<Option target="Server (Debug)" />
			<Option target="Server (Release)" />
		</Unit>
		<Unit filename="server/lobby/NetStage.hpp">
			<Option target="Server (Debug)" />
			<Option target="Server (Release)" />
		</Unit>
		<Unit filename="server/main.cpp">
			<Option target="Server (Debug)" />
			<Option target="Server (Release)" />
		</Unit>
		<Unit filename="server/prelogin/NetStage.cpp">
			<Option target="Server (Debug)" />
			<Option target="Server (Release)" />
		</Unit>
		<Unit filename="server/prelogin/NetStage.hpp">
			<Option target="Server (Debug)" />
			<Option target="Server (Release)" />
		</Unit>
		<Unit filename="util/Base64.cpp" />
		<Unit filename="util/Base64.hpp" />
		<Unit filename="util/Crc32.cpp" />
		<Unit filename="util/Crc32.hpp" />
		<Unit filename="util/Endian.cpp" />
		<Unit filename="util/Endian.hpp" />
		<Unit filename="util/File.cpp" />
		<Unit filename="util/File.hpp" />
		<Unit filename="util/Logger.cpp" />
		<Unit filename="util/Logger.hpp" />
		<Unit filename="util/Logger.inl" />
		<Unit filename="util/Math.hpp" />
		<Unit filename="util/Md5.cpp" />
		<Unit filename="util/Md5.hpp" />
		<Unit filename="util/String.cpp" />
		<Unit filename="util/String.hpp" />
		<Unit filename="util/String.inl" />
		<Extensions>
			<code_completion />
			<envvars />
			<debugger />
			<lib_finder disable_auto="1" />
		</Extensions>
	</Project>
</CodeBlocks_project_file>
